<Solution>
  <Project Path="ReabastecimientoPanaderia.DB/ReabastecimientoPanaderia.DB.csproj" />
  <Project Path="ReabastecimientoPanaderia.Repositorio/ReabastecimientoPanaderia.Repositorio.csproj" Id="33105c3d-8df3-4d57-b6dc-adb024770eb2" />
  <Project Path="ReabastecimientoPanaderia.Server/ReabastecimientoPanaderia.Server.csproj" />
</Solution>
